github.com/antlabs/stl v0.0.2 h1:sna1AXR5yIkNE9lWhCcKbheFJSVfCa3vugnGyakI79s=
github.com/antlabs/stl v0.0.2/go.mod h1:kKrO4xrn9cfS1mJVo+/BqePZjAYMXqD0amGF2Ouq7ac=
github.com/antlabs/timer v0.1.4 h1:MHdE00MDnNfhJCmqSOdLXs35uGNwfkMwfbynxrGmQ1c=
github.com/antlabs/timer v0.1.4/go.mod h1:mpw4zlD5KVjstEyUDp43DGLWsY076Mdo4bS78NTseRE=
